{
  "name": "indesign-typst",
  "version": "0.1.0",
  "lockfileVersion": 3,
  "requires": true,
  "packages": {
    "": {
      "name": "indesign-typst",
      "version": "0.1.0",
      "devDependencies": {
        "@myriaddreamin/typst-ts-renderer": "0.7.0",
        "@myriaddreamin/typst-ts-web-compiler": "0.7.0",
        "@myriaddreamin/typst.ts": "0.7.0"
      }
    },
    "node_modules/@myriaddreamin/typst-ts-renderer": {
      "version": "0.7.0",
      "resolved": "https://registry.npmjs.org/@myriaddreamin/typst-ts-renderer/-/typst-ts-renderer-0.7.0.tgz",
      "integrity": "sha512-3sXIGxZn9MufPrPn6251DeuLf2FIEILYNzY5lX0XOJmaIYqgvQ3qpfqkCjgQD+splBvt5R1N3BuuNFrZKsHhMw==",
      "dev": true,
      "license": "Apache-2.0"
    },
    "node_modules/@myriaddreamin/typst-ts-web-compiler": {
      "version": "0.7.0",
      "resolved": "https://registry.npmjs.org/@myriaddreamin/typst-ts-web-compiler/-/typst-ts-web-compiler-0.7.0.tgz",
      "integrity": "sha512-nMwMcfOBy5pABPDuVM7/u8425SxhPUM+OJe6daqqgVOT3+neCTz4JKwx2L8XasfEHTNvd0cUI07LR9q5ADo7Gw==",
      "dev": true,
      "license": "Apache-2.0"
    },
    "node_modules/@myriaddreamin/typst.ts": {
      "version": "0.7.0",
      "resolved": "https://registry.npmjs.org/@myriaddreamin/typst.ts/-/typst.ts-0.7.0.tgz",
      "integrity": "sha512-JtO5Td/1QesH1IBKAZtbayFNK8u2sl3iz18Y67uYqBEdcXiu3z+wpZcDDKlmVJvAcCgSjHTnuk6ZLfkYclrGGQ==",
      "dev": true,
      "license": "Apache-2.0",
      "dependencies": {
        "idb": "^7.1.1"
      },
      "peerDependencies": {
        "@myriaddreamin/typst-ts-renderer": "^0.7.0",
        "@myriaddreamin/typst-ts-web-compiler": "^0.7.0"
      },
      "peerDependenciesMeta": {
        "@myriaddreamin/typst-ts-renderer": {
          "optional": true
        },
        "@myriaddreamin/typst-ts-web-compiler": {
          "optional": true
        }
      }
    },
    "node_modules/idb": {
      "version": "7.1.1",
      "resolved": "https://registry.npmjs.org/idb/-/idb-7.1.1.tgz",
      "integrity": "sha512-gchesWBzyvGHRO9W8tzUWFDycow5gwjvFKfyV9FF32Y7F50yZMp7mP+T2mJIWFx49zicqyC4uefHM17o6xKIVQ==",
      "dev": true,
      "license": "ISC"
    }
  }
}
